
Microsoft Visual Studio Solution File, Format Version 12.00
# Visual Studio 15
VisualStudioVersion = 15.0.27703.2042
MinimumVisualStudioVersion = 10.0.40219.1
Project("{FAE04EC0-301F-11D3-BF4B-00C04F79EFBC}") = "KalingaRooms", "KalingaRooms\KalingaRooms.csproj", "{E3247783-3408-4F21-9619-74D0640BE026}"
EndProject
Global
	GlobalSection(SolutionConfigurationPlatforms) = preSolution
		Debug|Any CPU = Debug|Any CPU
		Release|Any CPU = Release|Any CPU
	EndGlobalSection
	GlobalSection(ProjectConfigurationPlatforms) = postSolution
		{E3247783-3408-4F21-9619-74D0640BE026}.Debug|Any CPU.ActiveCfg = Debug|Any CPU
		{E3247783-3408-4F21-9619-74D0640BE026}.Debug|Any CPU.Build.0 = Debug|Any CPU
		{E3247783-3408-4F21-9619-74D0640BE026}.Release|Any CPU.ActiveCfg = Release|Any CPU
		{E3247783-3408-4F21-9619-74D0640BE026}.Release|Any CPU.Build.0 = Release|Any CPU
	EndGlobalSection
	GlobalSection(SolutionProperties) = preSolution
		HideSolutionNode = FALSE
	EndGlobalSection
	GlobalSection(ExtensibilityGlobals) = postSolution
		SolutionGuid = {69A4D1F4-9AE2-443C-8D74-B60EB580F7EA}
	EndGlobalSection
EndGlobal
