
Microsoft Visual Studio Solution File, Format Version 12.00
# Visual Studio 15
VisualStudioVersion = 15.0.27703.2042
MinimumVisualStudioVersion = 10.0.40219.1
Project("{FAE04EC0-301F-11D3-BF4B-00C04F79EFBC}") = "MyTest1", "MyTest1\MyTest1.csproj", "{1EF728AB-C2EA-4E7F-B647-DE60387E3EC2}"
EndProject
Global
	GlobalSection(SolutionConfigurationPlatforms) = preSolution
		Debug|Any CPU = Debug|Any CPU
		Release|Any CPU = Release|Any CPU
	EndGlobalSection
	GlobalSection(ProjectConfigurationPlatforms) = postSolution
		{1EF728AB-C2EA-4E7F-B647-DE60387E3EC2}.Debug|Any CPU.ActiveCfg = Debug|Any CPU
		{1EF728AB-C2EA-4E7F-B647-DE60387E3EC2}.Debug|Any CPU.Build.0 = Debug|Any CPU
		{1EF728AB-C2EA-4E7F-B647-DE60387E3EC2}.Release|Any CPU.ActiveCfg = Release|Any CPU
		{1EF728AB-C2EA-4E7F-B647-DE60387E3EC2}.Release|Any CPU.Build.0 = Release|Any CPU
	EndGlobalSection
	GlobalSection(SolutionProperties) = preSolution
		HideSolutionNode = FALSE
	EndGlobalSection
	GlobalSection(ExtensibilityGlobals) = postSolution
		SolutionGuid = {56D8A525-6FAB-481C-93D6-E7B7AEF369E8}
	EndGlobalSection
EndGlobal
