
Microsoft Visual Studio Solution File, Format Version 12.00
# Visual Studio 15
VisualStudioVersion = 15.0.27703.2042
MinimumVisualStudioVersion = 10.0.40219.1
Project("{FAE04EC0-301F-11D3-BF4B-00C04F79EFBC}") = "Demo", "Demo\Demo.csproj", "{3279DCED-201E-48F9-AF1E-16B8DFD5ED50}"
EndProject
Project("{FAE04EC0-301F-11D3-BF4B-00C04F79EFBC}") = "Demo.BusinessLayer", "Demo.BusinessLayer\Demo.BusinessLayer.csproj", "{ACC17D81-F5A8-4920-ACBB-9E16FC54A158}"
EndProject
Project("{FAE04EC0-301F-11D3-BF4B-00C04F79EFBC}") = "Demo.DataAccessLayer", "Demo.DataAccessLayer\Demo.DataAccessLayer.csproj", "{7C8CBD42-12C8-4207-B5DD-058938BF4D56}"
EndProject
Project("{FAE04EC0-301F-11D3-BF4B-00C04F79EFBC}") = "Demo.EntityLayer", "Demo.EntityLayer\Demo.EntityLayer.csproj", "{426BC3C6-0D50-40A9-AA42-1FB7D096465A}"
EndProject
Global
	GlobalSection(SolutionConfigurationPlatforms) = preSolution
		Debug|Any CPU = Debug|Any CPU
		Release|Any CPU = Release|Any CPU
	EndGlobalSection
	GlobalSection(ProjectConfigurationPlatforms) = postSolution
		{3279DCED-201E-48F9-AF1E-16B8DFD5ED50}.Debug|Any CPU.ActiveCfg = Debug|Any CPU
		{3279DCED-201E-48F9-AF1E-16B8DFD5ED50}.Debug|Any CPU.Build.0 = Debug|Any CPU
		{3279DCED-201E-48F9-AF1E-16B8DFD5ED50}.Release|Any CPU.ActiveCfg = Release|Any CPU
		{3279DCED-201E-48F9-AF1E-16B8DFD5ED50}.Release|Any CPU.Build.0 = Release|Any CPU
		{ACC17D81-F5A8-4920-ACBB-9E16FC54A158}.Debug|Any CPU.ActiveCfg = Debug|Any CPU
		{ACC17D81-F5A8-4920-ACBB-9E16FC54A158}.Debug|Any CPU.Build.0 = Debug|Any CPU
		{ACC17D81-F5A8-4920-ACBB-9E16FC54A158}.Release|Any CPU.ActiveCfg = Release|Any CPU
		{ACC17D81-F5A8-4920-ACBB-9E16FC54A158}.Release|Any CPU.Build.0 = Release|Any CPU
		{7C8CBD42-12C8-4207-B5DD-058938BF4D56}.Debug|Any CPU.ActiveCfg = Debug|Any CPU
		{7C8CBD42-12C8-4207-B5DD-058938BF4D56}.Debug|Any CPU.Build.0 = Debug|Any CPU
		{7C8CBD42-12C8-4207-B5DD-058938BF4D56}.Release|Any CPU.ActiveCfg = Release|Any CPU
		{7C8CBD42-12C8-4207-B5DD-058938BF4D56}.Release|Any CPU.Build.0 = Release|Any CPU
		{426BC3C6-0D50-40A9-AA42-1FB7D096465A}.Debug|Any CPU.ActiveCfg = Debug|Any CPU
		{426BC3C6-0D50-40A9-AA42-1FB7D096465A}.Debug|Any CPU.Build.0 = Debug|Any CPU
		{426BC3C6-0D50-40A9-AA42-1FB7D096465A}.Release|Any CPU.ActiveCfg = Release|Any CPU
		{426BC3C6-0D50-40A9-AA42-1FB7D096465A}.Release|Any CPU.Build.0 = Release|Any CPU
	EndGlobalSection
	GlobalSection(SolutionProperties) = preSolution
		HideSolutionNode = FALSE
	EndGlobalSection
	GlobalSection(ExtensibilityGlobals) = postSolution
		SolutionGuid = {C0821FBA-8F30-4AEA-BC1E-8518661E3AD4}
	EndGlobalSection
EndGlobal
