
Microsoft Visual Studio Solution File, Format Version 12.00
# Visual Studio 15
VisualStudioVersion = 15.0.27703.2042
MinimumVisualStudioVersion = 10.0.40219.1
Project("{FAE04EC0-301F-11D3-BF4B-00C04F79EFBC}") = "testWebCore", "testWebCore\testWebCore.csproj", "{63C65C27-2182-4C7F-B851-D4467260255D}"
EndProject
Global
	GlobalSection(SolutionConfigurationPlatforms) = preSolution
		Debug|Any CPU = Debug|Any CPU
		Release|Any CPU = Release|Any CPU
	EndGlobalSection
	GlobalSection(ProjectConfigurationPlatforms) = postSolution
		{63C65C27-2182-4C7F-B851-D4467260255D}.Debug|Any CPU.ActiveCfg = Debug|Any CPU
		{63C65C27-2182-4C7F-B851-D4467260255D}.Debug|Any CPU.Build.0 = Debug|Any CPU
		{63C65C27-2182-4C7F-B851-D4467260255D}.Release|Any CPU.ActiveCfg = Release|Any CPU
		{63C65C27-2182-4C7F-B851-D4467260255D}.Release|Any CPU.Build.0 = Release|Any CPU
	EndGlobalSection
	GlobalSection(SolutionProperties) = preSolution
		HideSolutionNode = FALSE
	EndGlobalSection
	GlobalSection(ExtensibilityGlobals) = postSolution
		SolutionGuid = {A509C803-E478-4DBE-AA93-DE8EF2E08D21}
	EndGlobalSection
EndGlobal
